
Microsoft Visual Studio Solution File, Format Version 12.00
# Visual Studio Version 16
VisualStudioVersion = 16.0.31112.23
MinimumVisualStudioVersion = 10.0.40219.1
Project("{9A19103F-16F7-4668-BE54-9A1E7A4F7556}") = "SimpleLoginAPI", "SimpleLoginAPI.csproj", "{30D690A7-7851-4C21-B736-0FC06D823CB4}"
EndProject
Project("{FAE04EC0-301F-11D3-BF4B-00C04F79EFBC}") = "Data", "..\Data\Data.csproj", "{C7B688CB-2D1A-45B4-8562-54BCA2AB585F}"
EndProject
Project("{FAE04EC0-301F-11D3-BF4B-00C04F79EFBC}") = "Business", "..\Business\Business.csproj", "{D546AAB2-4B07-441E-BC96-3F838F286D4C}"
EndProject
Global
	GlobalSection(SolutionConfigurationPlatforms) = preSolution
		Debug|Any CPU = Debug|Any CPU
		Release|Any CPU = Release|Any CPU
	EndGlobalSection
	GlobalSection(ProjectConfigurationPlatforms) = postSolution
		{30D690A7-7851-4C21-B736-0FC06D823CB4}.Debug|Any CPU.ActiveCfg = Debug|Any CPU
		{30D690A7-7851-4C21-B736-0FC06D823CB4}.Debug|Any CPU.Build.0 = Debug|Any CPU
		{30D690A7-7851-4C21-B736-0FC06D823CB4}.Release|Any CPU.ActiveCfg = Release|Any CPU
		{30D690A7-7851-4C21-B736-0FC06D823CB4}.Release|Any CPU.Build.0 = Release|Any CPU
		{C7B688CB-2D1A-45B4-8562-54BCA2AB585F}.Debug|Any CPU.ActiveCfg = Debug|Any CPU
		{C7B688CB-2D1A-45B4-8562-54BCA2AB585F}.Debug|Any CPU.Build.0 = Debug|Any CPU
		{C7B688CB-2D1A-45B4-8562-54BCA2AB585F}.Release|Any CPU.ActiveCfg = Release|Any CPU
		{C7B688CB-2D1A-45B4-8562-54BCA2AB585F}.Release|Any CPU.Build.0 = Release|Any CPU
		{D546AAB2-4B07-441E-BC96-3F838F286D4C}.Debug|Any CPU.ActiveCfg = Debug|Any CPU
		{D546AAB2-4B07-441E-BC96-3F838F286D4C}.Debug|Any CPU.Build.0 = Debug|Any CPU
		{D546AAB2-4B07-441E-BC96-3F838F286D4C}.Release|Any CPU.ActiveCfg = Release|Any CPU
		{D546AAB2-4B07-441E-BC96-3F838F286D4C}.Release|Any CPU.Build.0 = Release|Any CPU
	EndGlobalSection
	GlobalSection(SolutionProperties) = preSolution
		HideSolutionNode = FALSE
	EndGlobalSection
	GlobalSection(ExtensibilityGlobals) = postSolution
		SolutionGuid = {5D793CCC-487F-4A38-BC01-9CF9D73D2435}
	EndGlobalSection
EndGlobal
